
Microsoft Visual Studio Solution File, Format Version 12.00
# Visual Studio Version 17
VisualStudioVersion = 17.7.34202.233
MinimumVisualStudioVersion = 10.0.40219.1
Project("{FAE04EC0-301F-11D3-BF4B-00C04F79EFBC}") = "FirstApp", "FirstApp\FirstApp.csproj", "{A0168B85-69B5-48B7-8DFE-613C7A2D42FE}"
EndProject
Global
	GlobalSection(SolutionConfigurationPlatforms) = preSolution
		Debug|Any CPU = Debug|Any CPU
		Release|Any CPU = Release|Any CPU
	EndGlobalSection
	GlobalSection(ProjectConfigurationPlatforms) = postSolution
		{A0168B85-69B5-48B7-8DFE-613C7A2D42FE}.Debug|Any CPU.ActiveCfg = Debug|Any CPU
		{A0168B85-69B5-48B7-8DFE-613C7A2D42FE}.Debug|Any CPU.Build.0 = Debug|Any CPU
		{A0168B85-69B5-48B7-8DFE-613C7A2D42FE}.Release|Any CPU.ActiveCfg = Release|Any CPU
		{A0168B85-69B5-48B7-8DFE-613C7A2D42FE}.Release|Any CPU.Build.0 = Release|Any CPU
	EndGlobalSection
	GlobalSection(SolutionProperties) = preSolution
		HideSolutionNode = FALSE
	EndGlobalSection
	GlobalSection(ExtensibilityGlobals) = postSolution
		SolutionGuid = {6C0ACCA8-0FAF-4243-9D8D-E71DFA6D18CF}
	EndGlobalSection
EndGlobal
